
Microsoft Visual Studio Solution File, Format Version 12.00
# Visual Studio 2012
Project("{FAE04EC0-301F-11D3-BF4B-00C04F79EFBC}") = "GuildWars2.TradingPost", "GuildWars2.TradingPost\GuildWars2.TradingPost.csproj", "{6FD385FF-7414-40F3-85BD-152BC2119ADF}"
EndProject
Project("{FAE04EC0-301F-11D3-BF4B-00C04F79EFBC}") = "LibMemorySearch", "LibMemorySearch\LibMemorySearch.csproj", "{57ABDC07-0041-4268-95F8-8E73F82D0473}"
EndProject
Project("{FAE04EC0-301F-11D3-BF4B-00C04F79EFBC}") = "GuildWars2.TradingPost.ListingsToExcel", "GuildWars2.TradingPost.ListingsToExcel\GuildWars2.TradingPost.ListingsToExcel.csproj", "{60DCA91B-ACAD-47CA-B434-5D4BDD726D04}"
EndProject
Project("{FAE04EC0-301F-11D3-BF4B-00C04F79EFBC}") = "GuildWars2.Spidy", "GuildWars2.Spidy\GuildWars2.Spidy.csproj", "{175835C6-4D13-477B-A38A-4DA6F21F66F2}"
EndProject
Project("{FAE04EC0-301F-11D3-BF4B-00C04F79EFBC}") = "GuildWars2.Spidy.Prospects", "GuildWars2.Spidy.Prospects\GuildWars2.Spidy.Prospects.csproj", "{210D8F18-1D6F-45FA-8367-2F12BCE9FC9D}"
EndProject
Project("{FAE04EC0-301F-11D3-BF4B-00C04F79EFBC}") = "GuildWars2.TradingPost.FindOutbidOrders", "GuildWars2.TradingPost.FindOutbidOrders\GuildWars2.TradingPost.FindOutbidOrders.csproj", "{5AB23330-F2D9-496C-9BF7-D887212C4188}"
EndProject
Project("{FAE04EC0-301F-11D3-BF4B-00C04F79EFBC}") = "GuildWars2.Spidy.MFMarketSpeculation", "GuildWars2.Spidy.MFMarketSpeculation\GuildWars2.Spidy.MFMarketSpeculation.csproj", "{C5264545-2F62-41E5-95B0-D4543869B0A6}"
EndProject
Project("{FAE04EC0-301F-11D3-BF4B-00C04F79EFBC}") = "GuildWars2.Trader", "GuildWars2.Trader\GuildWars2.Trader.csproj", "{DC7A40AC-268E-4A4C-A198-17B34F77FC1A}"
EndProject
Project("{FAE04EC0-301F-11D3-BF4B-00C04F79EFBC}") = "GuildWars2.Spidy.FindItems", "GuildWars2.Spidy.FindItems\GuildWars2.Spidy.FindItems.csproj", "{0D6849B3-5C15-43EB-8B08-75AAD9175148}"
EndProject
Project("{FAE04EC0-301F-11D3-BF4B-00C04F79EFBC}") = "GuildWars2.Overlay", "GuildWars2.Overlay\GuildWars2.Overlay.csproj", "{AC34E286-77D8-4127-9DB8-71996420CF76}"
EndProject
Project("{FAE04EC0-301F-11D3-BF4B-00C04F79EFBC}") = "GuildWars2.Overlay.Contract", "GuildWars2.Overlay.Contract\GuildWars2.Overlay.Contract.csproj", "{8D5F090C-BBB2-45FB-8F42-D23074AFF395}"
EndProject
Project("{FAE04EC0-301F-11D3-BF4B-00C04F79EFBC}") = "GuildWars2.ArenaNet", "GuildWars2.ArenaNet\GuildWars2.ArenaNet.csproj", "{65382ECE-3E80-47E3-9864-0C6995907C2B}"
EndProject
Project("{FAE04EC0-301F-11D3-BF4B-00C04F79EFBC}") = "GuildWars2.ArenaNet.Test", "GuildWars2.ArenaNet.Test\GuildWars2.ArenaNet.Test.csproj", "{2C2D15BC-9119-43A0-ADCC-E0938A647071}"
EndProject
Project("{FAE04EC0-301F-11D3-BF4B-00C04F79EFBC}") = "GuildWars2.ArenaNet.EventTimer.Test", "GuildWars2.ArenaNet.EventTimer.Test\GuildWars2.ArenaNet.EventTimer.Test.csproj", "{80726AA3-0790-412D-B5D1-8D1373AD668A}"
EndProject
Project("{FAE04EC0-301F-11D3-BF4B-00C04F79EFBC}") = "GuildWars2.ArenaNet.Mapper", "GuildWars2.ArenaNet.Mapper\GuildWars2.ArenaNet.Mapper.csproj", "{35746C2E-DEFB-480B-96BF-FB504F51A2E5}"
EndProject
Project("{FAE04EC0-301F-11D3-BF4B-00C04F79EFBC}") = "GuildWars2.TradingPost.Test", "GuildWars2.TradingPost.Test\GuildWars2.TradingPost.Test.csproj", "{1C659B42-976D-47CC-A00E-5ECB72CFB889}"
EndProject
Project("{FAE04EC0-301F-11D3-BF4B-00C04F79EFBC}") = "GuildWars2.ArenaNet.EventTimer.WindowAnalyzer", "GuildWars2.ArenaNet.EventTimer.WindowAnalyzer\GuildWars2.ArenaNet.EventTimer.WindowAnalyzer.csproj", "{A96E44F4-A42A-44FB-AB5F-AB63CEFBF1D3}"
EndProject
Project("{FAE04EC0-301F-11D3-BF4B-00C04F79EFBC}") = "GuildWars2.ArenaNet.Mapper.TypeScript", "GuildWars2.ArenaNet.Mapper.TypeScript\GuildWars2.ArenaNet.Mapper.TypeScript.csproj", "{91EFF760-794A-4CD3-8F82-A7F374018B22}"
EndProject
Project("{FAE04EC0-301F-11D3-BF4B-00C04F79EFBC}") = "GuildWars2.ArenaNet.MumbleLink", "GuildWars2.ArenaNet.MumbleLink\GuildWars2.ArenaNet.MumbleLink.csproj", "{9BBE39AF-050F-4011-A404-62B487D70FBC}"
EndProject
Project("{FAE04EC0-301F-11D3-BF4B-00C04F79EFBC}") = "GuildWars2.GoMGoDS.APIServer", "GuildWars2.GoMGoDS.APIServer\GuildWars2.GoMGoDS.APIServer.csproj", "{CF4226DF-FB9E-4585-A4FE-85BD773BEF70}"
EndProject
Project("{FAE04EC0-301F-11D3-BF4B-00C04F79EFBC}") = "GuildWars2.GoMGoDS", "GuildWars2.GoMGoDS\GuildWars2.GoMGoDS.csproj", "{2DD77528-F341-4CE2-B66F-7324228EB023}"
EndProject
Project("{FAE04EC0-301F-11D3-BF4B-00C04F79EFBC}") = "GuildWars2.GoMGoDS.APIServer.Test", "GuildWars2.GoMGoDS.APIServer.Test\GuildWars2.GoMGoDS.APIServer.Test.csproj", "{7CAF3787-4416-4775-95ED-0E4C6A1E6850}"
EndProject
Project("{FAE04EC0-301F-11D3-BF4B-00C04F79EFBC}") = "GuildWars2.GoMGoDS.Test", "GuildWars2.GoMGoDS.Test\GuildWars2.GoMGoDS.Test.csproj", "{EB0C0718-D0BA-40D7-9234-083242BBD7B2}"
EndProject
Global
	GlobalSection(SolutionConfigurationPlatforms) = preSolution
		Debug|Any CPU = Debug|Any CPU
		Mono|Any CPU = Mono|Any CPU
		Release|Any CPU = Release|Any CPU
	EndGlobalSection
	GlobalSection(ProjectConfigurationPlatforms) = postSolution
		{6FD385FF-7414-40F3-85BD-152BC2119ADF}.Debug|Any CPU.ActiveCfg = Debug|Any CPU
		{6FD385FF-7414-40F3-85BD-152BC2119ADF}.Debug|Any CPU.Build.0 = Debug|Any CPU
		{6FD385FF-7414-40F3-85BD-152BC2119ADF}.Mono|Any CPU.ActiveCfg = Release|Any CPU
		{6FD385FF-7414-40F3-85BD-152BC2119ADF}.Release|Any CPU.ActiveCfg = Release|Any CPU
		{6FD385FF-7414-40F3-85BD-152BC2119ADF}.Release|Any CPU.Build.0 = Release|Any CPU
		{57ABDC07-0041-4268-95F8-8E73F82D0473}.Debug|Any CPU.ActiveCfg = Debug|Any CPU
		{57ABDC07-0041-4268-95F8-8E73F82D0473}.Debug|Any CPU.Build.0 = Debug|Any CPU
		{57ABDC07-0041-4268-95F8-8E73F82D0473}.Mono|Any CPU.ActiveCfg = Release|Any CPU
		{57ABDC07-0041-4268-95F8-8E73F82D0473}.Release|Any CPU.ActiveCfg = Release|Any CPU
		{57ABDC07-0041-4268-95F8-8E73F82D0473}.Release|Any CPU.Build.0 = Release|Any CPU
		{60DCA91B-ACAD-47CA-B434-5D4BDD726D04}.Debug|Any CPU.ActiveCfg = Debug|Any CPU
		{60DCA91B-ACAD-47CA-B434-5D4BDD726D04}.Debug|Any CPU.Build.0 = Debug|Any CPU
		{60DCA91B-ACAD-47CA-B434-5D4BDD726D04}.Mono|Any CPU.ActiveCfg = Release|Any CPU
		{60DCA91B-ACAD-47CA-B434-5D4BDD726D04}.Release|Any CPU.ActiveCfg = Release|Any CPU
		{60DCA91B-ACAD-47CA-B434-5D4BDD726D04}.Release|Any CPU.Build.0 = Release|Any CPU
		{175835C6-4D13-477B-A38A-4DA6F21F66F2}.Debug|Any CPU.ActiveCfg = Debug|Any CPU
		{175835C6-4D13-477B-A38A-4DA6F21F66F2}.Debug|Any CPU.Build.0 = Debug|Any CPU
		{175835C6-4D13-477B-A38A-4DA6F21F66F2}.Mono|Any CPU.ActiveCfg = Release|Any CPU
		{175835C6-4D13-477B-A38A-4DA6F21F66F2}.Release|Any CPU.ActiveCfg = Release|Any CPU
		{175835C6-4D13-477B-A38A-4DA6F21F66F2}.Release|Any CPU.Build.0 = Release|Any CPU
		{210D8F18-1D6F-45FA-8367-2F12BCE9FC9D}.Debug|Any CPU.ActiveCfg = Debug|Any CPU
		{210D8F18-1D6F-45FA-8367-2F12BCE9FC9D}.Debug|Any CPU.Build.0 = Debug|Any CPU
		{210D8F18-1D6F-45FA-8367-2F12BCE9FC9D}.Mono|Any CPU.ActiveCfg = Release|Any CPU
		{210D8F18-1D6F-45FA-8367-2F12BCE9FC9D}.Release|Any CPU.ActiveCfg = Release|Any CPU
		{210D8F18-1D6F-45FA-8367-2F12BCE9FC9D}.Release|Any CPU.Build.0 = Release|Any CPU
		{5AB23330-F2D9-496C-9BF7-D887212C4188}.Debug|Any CPU.ActiveCfg = Debug|Any CPU
		{5AB23330-F2D9-496C-9BF7-D887212C4188}.Debug|Any CPU.Build.0 = Debug|Any CPU
		{5AB23330-F2D9-496C-9BF7-D887212C4188}.Mono|Any CPU.ActiveCfg = Release|Any CPU
		{5AB23330-F2D9-496C-9BF7-D887212C4188}.Release|Any CPU.ActiveCfg = Release|Any CPU
		{5AB23330-F2D9-496C-9BF7-D887212C4188}.Release|Any CPU.Build.0 = Release|Any CPU
		{C5264545-2F62-41E5-95B0-D4543869B0A6}.Debug|Any CPU.ActiveCfg = Debug|Any CPU
		{C5264545-2F62-41E5-95B0-D4543869B0A6}.Debug|Any CPU.Build.0 = Debug|Any CPU
		{C5264545-2F62-41E5-95B0-D4543869B0A6}.Mono|Any CPU.ActiveCfg = Release|Any CPU
		{C5264545-2F62-41E5-95B0-D4543869B0A6}.Release|Any CPU.ActiveCfg = Release|Any CPU
		{C5264545-2F62-41E5-95B0-D4543869B0A6}.Release|Any CPU.Build.0 = Release|Any CPU
		{DC7A40AC-268E-4A4C-A198-17B34F77FC1A}.Debug|Any CPU.ActiveCfg = Debug|Any CPU
		{DC7A40AC-268E-4A4C-A198-17B34F77FC1A}.Debug|Any CPU.Build.0 = Debug|Any CPU
		{DC7A40AC-268E-4A4C-A198-17B34F77FC1A}.Mono|Any CPU.ActiveCfg = Release|Any CPU
		{DC7A40AC-268E-4A4C-A198-17B34F77FC1A}.Release|Any CPU.ActiveCfg = Release|Any CPU
		{DC7A40AC-268E-4A4C-A198-17B34F77FC1A}.Release|Any CPU.Build.0 = Release|Any CPU
		{0D6849B3-5C15-43EB-8B08-75AAD9175148}.Debug|Any CPU.ActiveCfg = Debug|Any CPU
		{0D6849B3-5C15-43EB-8B08-75AAD9175148}.Debug|Any CPU.Build.0 = Debug|Any CPU
		{0D6849B3-5C15-43EB-8B08-75AAD9175148}.Mono|Any CPU.ActiveCfg = Release|Any CPU
		{0D6849B3-5C15-43EB-8B08-75AAD9175148}.Release|Any CPU.ActiveCfg = Release|Any CPU
		{0D6849B3-5C15-43EB-8B08-75AAD9175148}.Release|Any CPU.Build.0 = Release|Any CPU
		{AC34E286-77D8-4127-9DB8-71996420CF76}.Debug|Any CPU.ActiveCfg = Debug|Any CPU
		{AC34E286-77D8-4127-9DB8-71996420CF76}.Debug|Any CPU.Build.0 = Debug|Any CPU
		{AC34E286-77D8-4127-9DB8-71996420CF76}.Mono|Any CPU.ActiveCfg = Release|Any CPU
		{AC34E286-77D8-4127-9DB8-71996420CF76}.Release|Any CPU.ActiveCfg = Release|Any CPU
		{AC34E286-77D8-4127-9DB8-71996420CF76}.Release|Any CPU.Build.0 = Release|Any CPU
		{8D5F090C-BBB2-45FB-8F42-D23074AFF395}.Debug|Any CPU.ActiveCfg = Debug|Any CPU
		{8D5F090C-BBB2-45FB-8F42-D23074AFF395}.Debug|Any CPU.Build.0 = Debug|Any CPU
		{8D5F090C-BBB2-45FB-8F42-D23074AFF395}.Mono|Any CPU.ActiveCfg = Release|Any CPU
		{8D5F090C-BBB2-45FB-8F42-D23074AFF395}.Release|Any CPU.ActiveCfg = Release|Any CPU
		{8D5F090C-BBB2-45FB-8F42-D23074AFF395}.Release|Any CPU.Build.0 = Release|Any CPU
		{65382ECE-3E80-47E3-9864-0C6995907C2B}.Debug|Any CPU.ActiveCfg = Debug|Any CPU
		{65382ECE-3E80-47E3-9864-0C6995907C2B}.Debug|Any CPU.Build.0 = Debug|Any CPU
		{65382ECE-3E80-47E3-9864-0C6995907C2B}.Mono|Any CPU.ActiveCfg = Release|Any CPU
		{65382ECE-3E80-47E3-9864-0C6995907C2B}.Mono|Any CPU.Build.0 = Release|Any CPU
		{65382ECE-3E80-47E3-9864-0C6995907C2B}.Release|Any CPU.ActiveCfg = Release|Any CPU
		{65382ECE-3E80-47E3-9864-0C6995907C2B}.Release|Any CPU.Build.0 = Release|Any CPU
		{2C2D15BC-9119-43A0-ADCC-E0938A647071}.Debug|Any CPU.ActiveCfg = Debug|Any CPU
		{2C2D15BC-9119-43A0-ADCC-E0938A647071}.Debug|Any CPU.Build.0 = Debug|Any CPU
		{2C2D15BC-9119-43A0-ADCC-E0938A647071}.Mono|Any CPU.ActiveCfg = Release|Any CPU
		{2C2D15BC-9119-43A0-ADCC-E0938A647071}.Mono|Any CPU.Build.0 = Release|Any CPU
		{2C2D15BC-9119-43A0-ADCC-E0938A647071}.Release|Any CPU.ActiveCfg = Release|Any CPU
		{2C2D15BC-9119-43A0-ADCC-E0938A647071}.Release|Any CPU.Build.0 = Release|Any CPU
		{80726AA3-0790-412D-B5D1-8D1373AD668A}.Debug|Any CPU.ActiveCfg = Debug|Any CPU
		{80726AA3-0790-412D-B5D1-8D1373AD668A}.Debug|Any CPU.Build.0 = Debug|Any CPU
		{80726AA3-0790-412D-B5D1-8D1373AD668A}.Mono|Any CPU.ActiveCfg = Release|Any CPU
		{80726AA3-0790-412D-B5D1-8D1373AD668A}.Mono|Any CPU.Build.0 = Release|Any CPU
		{80726AA3-0790-412D-B5D1-8D1373AD668A}.Release|Any CPU.ActiveCfg = Release|Any CPU
		{80726AA3-0790-412D-B5D1-8D1373AD668A}.Release|Any CPU.Build.0 = Release|Any CPU
		{35746C2E-DEFB-480B-96BF-FB504F51A2E5}.Debug|Any CPU.ActiveCfg = Debug|Any CPU
		{35746C2E-DEFB-480B-96BF-FB504F51A2E5}.Debug|Any CPU.Build.0 = Debug|Any CPU
		{35746C2E-DEFB-480B-96BF-FB504F51A2E5}.Mono|Any CPU.ActiveCfg = Release|Any CPU
		{35746C2E-DEFB-480B-96BF-FB504F51A2E5}.Release|Any CPU.ActiveCfg = Release|Any CPU
		{35746C2E-DEFB-480B-96BF-FB504F51A2E5}.Release|Any CPU.Build.0 = Release|Any CPU
		{1C659B42-976D-47CC-A00E-5ECB72CFB889}.Debug|Any CPU.ActiveCfg = Debug|Any CPU
		{1C659B42-976D-47CC-A00E-5ECB72CFB889}.Debug|Any CPU.Build.0 = Debug|Any CPU
		{1C659B42-976D-47CC-A00E-5ECB72CFB889}.Mono|Any CPU.ActiveCfg = Release|Any CPU
		{1C659B42-976D-47CC-A00E-5ECB72CFB889}.Release|Any CPU.ActiveCfg = Release|Any CPU
		{1C659B42-976D-47CC-A00E-5ECB72CFB889}.Release|Any CPU.Build.0 = Release|Any CPU
		{A96E44F4-A42A-44FB-AB5F-AB63CEFBF1D3}.Debug|Any CPU.ActiveCfg = Debug|Any CPU
		{A96E44F4-A42A-44FB-AB5F-AB63CEFBF1D3}.Debug|Any CPU.Build.0 = Debug|Any CPU
		{A96E44F4-A42A-44FB-AB5F-AB63CEFBF1D3}.Mono|Any CPU.ActiveCfg = Release|Any CPU
		{A96E44F4-A42A-44FB-AB5F-AB63CEFBF1D3}.Mono|Any CPU.Build.0 = Release|Any CPU
		{A96E44F4-A42A-44FB-AB5F-AB63CEFBF1D3}.Release|Any CPU.ActiveCfg = Release|Any CPU
		{A96E44F4-A42A-44FB-AB5F-AB63CEFBF1D3}.Release|Any CPU.Build.0 = Release|Any CPU
		{91EFF760-794A-4CD3-8F82-A7F374018B22}.Debug|Any CPU.ActiveCfg = Debug|Any CPU
		{91EFF760-794A-4CD3-8F82-A7F374018B22}.Debug|Any CPU.Build.0 = Debug|Any CPU
		{91EFF760-794A-4CD3-8F82-A7F374018B22}.Mono|Any CPU.ActiveCfg = Release|Any CPU
		{91EFF760-794A-4CD3-8F82-A7F374018B22}.Release|Any CPU.ActiveCfg = Release|Any CPU
		{91EFF760-794A-4CD3-8F82-A7F374018B22}.Release|Any CPU.Build.0 = Release|Any CPU
		{9BBE39AF-050F-4011-A404-62B487D70FBC}.Debug|Any CPU.ActiveCfg = Debug|Any CPU
		{9BBE39AF-050F-4011-A404-62B487D70FBC}.Debug|Any CPU.Build.0 = Debug|Any CPU
		{9BBE39AF-050F-4011-A404-62B487D70FBC}.Mono|Any CPU.ActiveCfg = Release|Any CPU
		{9BBE39AF-050F-4011-A404-62B487D70FBC}.Release|Any CPU.ActiveCfg = Release|Any CPU
		{9BBE39AF-050F-4011-A404-62B487D70FBC}.Release|Any CPU.Build.0 = Release|Any CPU
		{CF4226DF-FB9E-4585-A4FE-85BD773BEF70}.Debug|Any CPU.ActiveCfg = Debug|Any CPU
		{CF4226DF-FB9E-4585-A4FE-85BD773BEF70}.Debug|Any CPU.Build.0 = Debug|Any CPU
		{CF4226DF-FB9E-4585-A4FE-85BD773BEF70}.Mono|Any CPU.ActiveCfg = Mono|Any CPU
		{CF4226DF-FB9E-4585-A4FE-85BD773BEF70}.Mono|Any CPU.Build.0 = Mono|Any CPU
		{CF4226DF-FB9E-4585-A4FE-85BD773BEF70}.Release|Any CPU.ActiveCfg = Release|Any CPU
		{CF4226DF-FB9E-4585-A4FE-85BD773BEF70}.Release|Any CPU.Build.0 = Release|Any CPU
		{2DD77528-F341-4CE2-B66F-7324228EB023}.Debug|Any CPU.ActiveCfg = Debug|Any CPU
		{2DD77528-F341-4CE2-B66F-7324228EB023}.Debug|Any CPU.Build.0 = Debug|Any CPU
		{2DD77528-F341-4CE2-B66F-7324228EB023}.Mono|Any CPU.ActiveCfg = Release|Any CPU
		{2DD77528-F341-4CE2-B66F-7324228EB023}.Mono|Any CPU.Build.0 = Release|Any CPU
		{2DD77528-F341-4CE2-B66F-7324228EB023}.Release|Any CPU.ActiveCfg = Release|Any CPU
		{2DD77528-F341-4CE2-B66F-7324228EB023}.Release|Any CPU.Build.0 = Release|Any CPU
		{7CAF3787-4416-4775-95ED-0E4C6A1E6850}.Debug|Any CPU.ActiveCfg = Debug|Any CPU
		{7CAF3787-4416-4775-95ED-0E4C6A1E6850}.Debug|Any CPU.Build.0 = Debug|Any CPU
		{7CAF3787-4416-4775-95ED-0E4C6A1E6850}.Mono|Any CPU.ActiveCfg = Mono|Any CPU
		{7CAF3787-4416-4775-95ED-0E4C6A1E6850}.Mono|Any CPU.Build.0 = Mono|Any CPU
		{7CAF3787-4416-4775-95ED-0E4C6A1E6850}.Release|Any CPU.ActiveCfg = Release|Any CPU
		{7CAF3787-4416-4775-95ED-0E4C6A1E6850}.Release|Any CPU.Build.0 = Release|Any CPU
		{EB0C0718-D0BA-40D7-9234-083242BBD7B2}.Debug|Any CPU.ActiveCfg = Debug|Any CPU
		{EB0C0718-D0BA-40D7-9234-083242BBD7B2}.Debug|Any CPU.Build.0 = Debug|Any CPU
		{EB0C0718-D0BA-40D7-9234-083242BBD7B2}.Mono|Any CPU.ActiveCfg = Release|Any CPU
		{EB0C0718-D0BA-40D7-9234-083242BBD7B2}.Mono|Any CPU.Build.0 = Release|Any CPU
		{EB0C0718-D0BA-40D7-9234-083242BBD7B2}.Release|Any CPU.ActiveCfg = Release|Any CPU
		{EB0C0718-D0BA-40D7-9234-083242BBD7B2}.Release|Any CPU.Build.0 = Release|Any CPU
	EndGlobalSection
	GlobalSection(SolutionProperties) = preSolution
		HideSolutionNode = FALSE
	EndGlobalSection
EndGlobal
