
Microsoft Visual Studio Solution File, Format Version 12.00
# Visual Studio 2012
Project("{FAE04EC0-301F-11D3-BF4B-00C04F79EFBC}") = "GuildWars2.TradingPost", "GuildWars2.TradingPost\GuildWars2.TradingPost.csproj", "{6FD385FF-7414-40F3-85BD-152BC2119ADF}"
EndProject
Project("{FAE04EC0-301F-11D3-BF4B-00C04F79EFBC}") = "LibMemorySearch", "LibMemorySearch\LibMemorySearch.csproj", "{57ABDC07-0041-4268-95F8-8E73F82D0473}"
EndProject
Project("{FAE04EC0-301F-11D3-BF4B-00C04F79EFBC}") = "GuildWars2.TradingPost.ListingsToExcel", "GuildWars2.TradingPost.ListingsToExcel\GuildWars2.TradingPost.ListingsToExcel.csproj", "{60DCA91B-ACAD-47CA-B434-5D4BDD726D04}"
EndProject
Project("{FAE04EC0-301F-11D3-BF4B-00C04F79EFBC}") = "GuildWars2.Spidy", "GuildWars2.Spidy\GuildWars2.Spidy.csproj", "{175835C6-4D13-477B-A38A-4DA6F21F66F2}"
EndProject
Project("{FAE04EC0-301F-11D3-BF4B-00C04F79EFBC}") = "GuildWars2.Spidy.Prospects", "GuildWars2.Spidy.Prospects\GuildWars2.Spidy.Prospects.csproj", "{210D8F18-1D6F-45FA-8367-2F12BCE9FC9D}"
EndProject
Project("{FAE04EC0-301F-11D3-BF4B-00C04F79EFBC}") = "GuildWars2.TradingPost.FindOutbidOrders", "GuildWars2.TradingPost.FindOutbidOrders\GuildWars2.TradingPost.FindOutbidOrders.csproj", "{5AB23330-F2D9-496C-9BF7-D887212C4188}"
EndProject
Project("{FAE04EC0-301F-11D3-BF4B-00C04F79EFBC}") = "GuildWars2.Spidy.MFMarketSpeculation", "GuildWars2.Spidy.MFMarketSpeculation\GuildWars2.Spidy.MFMarketSpeculation.csproj", "{C5264545-2F62-41E5-95B0-D4543869B0A6}"
EndProject
Project("{FAE04EC0-301F-11D3-BF4B-00C04F79EFBC}") = "GuildWars2.Trader", "GuildWars2.Trader\GuildWars2.Trader.csproj", "{DC7A40AC-268E-4A4C-A198-17B34F77FC1A}"
EndProject
Project("{FAE04EC0-301F-11D3-BF4B-00C04F79EFBC}") = "GuildWars2.Spidy.FindItems", "GuildWars2.Spidy.FindItems\GuildWars2.Spidy.FindItems.csproj", "{0D6849B3-5C15-43EB-8B08-75AAD9175148}"
EndProject
Project("{FAE04EC0-301F-11D3-BF4B-00C04F79EFBC}") = "GuildWars2.Overlay", "GuildWars2.Overlay\GuildWars2.Overlay.csproj", "{AC34E286-77D8-4127-9DB8-71996420CF76}"
EndProject
Project("{FAE04EC0-301F-11D3-BF4B-00C04F79EFBC}") = "GuildWars2.Overlay.Contract", "GuildWars2.Overlay.Contract\GuildWars2.Overlay.Contract.csproj", "{8D5F090C-BBB2-45FB-8F42-D23074AFF395}"
EndProject
Project("{FAE04EC0-301F-11D3-BF4B-00C04F79EFBC}") = "GuildWars2.ArenaNet", "GuildWars2.ArenaNet\GuildWars2.ArenaNet.csproj", "{65382ECE-3E80-47E3-9864-0C6995907C2B}"
EndProject
Project("{FAE04EC0-301F-11D3-BF4B-00C04F79EFBC}") = "GuildWars2.ArenaNet.Test", "GuildWars2.ArenaNet.Test\GuildWars2.ArenaNet.Test.csproj", "{2C2D15BC-9119-43A0-ADCC-E0938A647071}"
EndProject
Project("{FAE04EC0-301F-11D3-BF4B-00C04F79EFBC}") = "GuildWars2.ArenaNet.EventTimer", "GuildWars2.ArenaNet.EventTimer\GuildWars2.ArenaNet.EventTimer.csproj", "{97F7E068-776B-4C2E-A1E8-AA5DF5ECA318}"
EndProject
Project("{FAE04EC0-301F-11D3-BF4B-00C04F79EFBC}") = "RestSharp", "RestSharp\RestSharp.csproj", "{2ECECFBF-5F3E-40EE-A963-72336DC7ABE2}"
EndProject
Project("{FAE04EC0-301F-11D3-BF4B-00C04F79EFBC}") = "GuildWars2.ArenaNet.EventTimer.Test", "GuildWars2.ArenaNet.EventTimer.Test\GuildWars2.ArenaNet.EventTimer.Test.csproj", "{80726AA3-0790-412D-B5D1-8D1373AD668A}"
EndProject
Project("{FAE04EC0-301F-11D3-BF4B-00C04F79EFBC}") = "GuildWars2.ArenaNet.Mapper", "GuildWars2.ArenaNet.Mapper\GuildWars2.ArenaNet.Mapper.csproj", "{35746C2E-DEFB-480B-96BF-FB504F51A2E5}"
EndProject
Project("{FAE04EC0-301F-11D3-BF4B-00C04F79EFBC}") = "GuildWars2.SyntaxError", "GuildWars2.SyntaxError\GuildWars2.SyntaxError.csproj", "{FDA6740A-4370-4B57-990C-285C3C77E97D}"
EndProject
Project("{FAE04EC0-301F-11D3-BF4B-00C04F79EFBC}") = "GuildWars2.SyntaxError.Test", "GuildWars2.SyntaxError.Test\GuildWars2.SyntaxError.Test.csproj", "{2A6488B8-1FC0-45AB-86BF-B5B8EB238253}"
EndProject
Project("{FAE04EC0-301F-11D3-BF4B-00C04F79EFBC}") = "RestSharp.Silverlight", "RestSharp.Silverlight\RestSharp.Silverlight.csproj", "{940083D4-DD57-43C1-9506-A7A811216D36}"
EndProject
Project("{FAE04EC0-301F-11D3-BF4B-00C04F79EFBC}") = "GuildWars2.ArenaNet.Silverlight", "GuildWars2.ArenaNet.Silverlight\GuildWars2.ArenaNet.Silverlight.csproj", "{7E80EA20-61E4-485C-AFBA-AE18E47626CE}"
EndProject
Project("{FAE04EC0-301F-11D3-BF4B-00C04F79EFBC}") = "GuildWars2.SyntaxError.Silverlight", "GuildWars2.SyntaxError.Silverlight\GuildWars2.SyntaxError.Silverlight.csproj", "{6F065612-1723-41B6-9221-949B50039FD1}"
EndProject
Project("{FAE04EC0-301F-11D3-BF4B-00C04F79EFBC}") = "GuildWars2.ArenaNet.Mapper.Silverlight", "GuildWars2.ArenaNet.Mapper.Silverlight\GuildWars2.ArenaNet.Mapper.Silverlight.csproj", "{13D4AA2B-FD3C-4257-826E-ACDEAE21EB64}"
EndProject
Project("{FAE04EC0-301F-11D3-BF4B-00C04F79EFBC}") = "GuildWars2.TradingPost.Test", "GuildWars2.TradingPost.Test\GuildWars2.TradingPost.Test.csproj", "{1C659B42-976D-47CC-A00E-5ECB72CFB889}"
EndProject
Project("{FAE04EC0-301F-11D3-BF4B-00C04F79EFBC}") = "GuildWars2.ArenaNet.EventTimer.WindowAnalyzer", "GuildWars2.ArenaNet.EventTimer.WindowAnalyzer\GuildWars2.ArenaNet.EventTimer.WindowAnalyzer.csproj", "{A96E44F4-A42A-44FB-AB5F-AB63CEFBF1D3}"
EndProject
Project("{FAE04EC0-301F-11D3-BF4B-00C04F79EFBC}") = "GuildWars2.ArenaNet.Mapper.TypeScript", "GuildWars2.ArenaNet.Mapper.TypeScript\GuildWars2.ArenaNet.Mapper.TypeScript.csproj", "{91EFF760-794A-4CD3-8F82-A7F374018B22}"
EndProject
Global
	GlobalSection(SolutionConfigurationPlatforms) = preSolution
		Debug|Any CPU = Debug|Any CPU
		Debug|Mixed Platforms = Debug|Mixed Platforms
		Debug|Mono = Debug|Mono
		Debug|Win32 = Debug|Win32
		Release|Any CPU = Release|Any CPU
		Release|Mixed Platforms = Release|Mixed Platforms
		Release|Mono = Release|Mono
		Release|Win32 = Release|Win32
	EndGlobalSection
	GlobalSection(ProjectConfigurationPlatforms) = postSolution
		{6FD385FF-7414-40F3-85BD-152BC2119ADF}.Debug|Any CPU.ActiveCfg = Debug|Any CPU
		{6FD385FF-7414-40F3-85BD-152BC2119ADF}.Debug|Any CPU.Build.0 = Debug|Any CPU
		{6FD385FF-7414-40F3-85BD-152BC2119ADF}.Debug|Mixed Platforms.ActiveCfg = Debug|Any CPU
		{6FD385FF-7414-40F3-85BD-152BC2119ADF}.Debug|Mixed Platforms.Build.0 = Debug|Any CPU
		{6FD385FF-7414-40F3-85BD-152BC2119ADF}.Debug|Mono.ActiveCfg = Debug|Any CPU
		{6FD385FF-7414-40F3-85BD-152BC2119ADF}.Debug|Mono.Build.0 = Debug|Any CPU
		{6FD385FF-7414-40F3-85BD-152BC2119ADF}.Debug|Win32.ActiveCfg = Debug|Any CPU
		{6FD385FF-7414-40F3-85BD-152BC2119ADF}.Release|Any CPU.ActiveCfg = Release|Any CPU
		{6FD385FF-7414-40F3-85BD-152BC2119ADF}.Release|Any CPU.Build.0 = Release|Any CPU
		{6FD385FF-7414-40F3-85BD-152BC2119ADF}.Release|Mixed Platforms.ActiveCfg = Release|Any CPU
		{6FD385FF-7414-40F3-85BD-152BC2119ADF}.Release|Mixed Platforms.Build.0 = Release|Any CPU
		{6FD385FF-7414-40F3-85BD-152BC2119ADF}.Release|Mono.ActiveCfg = Release|Any CPU
		{6FD385FF-7414-40F3-85BD-152BC2119ADF}.Release|Mono.Build.0 = Release|Any CPU
		{6FD385FF-7414-40F3-85BD-152BC2119ADF}.Release|Win32.ActiveCfg = Release|Any CPU
		{57ABDC07-0041-4268-95F8-8E73F82D0473}.Debug|Any CPU.ActiveCfg = Debug|Any CPU
		{57ABDC07-0041-4268-95F8-8E73F82D0473}.Debug|Any CPU.Build.0 = Debug|Any CPU
		{57ABDC07-0041-4268-95F8-8E73F82D0473}.Debug|Mixed Platforms.ActiveCfg = Debug|Any CPU
		{57ABDC07-0041-4268-95F8-8E73F82D0473}.Debug|Mixed Platforms.Build.0 = Debug|Any CPU
		{57ABDC07-0041-4268-95F8-8E73F82D0473}.Debug|Mono.ActiveCfg = Debug|Any CPU
		{57ABDC07-0041-4268-95F8-8E73F82D0473}.Debug|Mono.Build.0 = Debug|Any CPU
		{57ABDC07-0041-4268-95F8-8E73F82D0473}.Debug|Win32.ActiveCfg = Debug|Any CPU
		{57ABDC07-0041-4268-95F8-8E73F82D0473}.Release|Any CPU.ActiveCfg = Release|Any CPU
		{57ABDC07-0041-4268-95F8-8E73F82D0473}.Release|Any CPU.Build.0 = Release|Any CPU
		{57ABDC07-0041-4268-95F8-8E73F82D0473}.Release|Mixed Platforms.ActiveCfg = Release|Any CPU
		{57ABDC07-0041-4268-95F8-8E73F82D0473}.Release|Mixed Platforms.Build.0 = Release|Any CPU
		{57ABDC07-0041-4268-95F8-8E73F82D0473}.Release|Mono.ActiveCfg = Release|Any CPU
		{57ABDC07-0041-4268-95F8-8E73F82D0473}.Release|Mono.Build.0 = Release|Any CPU
		{57ABDC07-0041-4268-95F8-8E73F82D0473}.Release|Win32.ActiveCfg = Release|Any CPU
		{60DCA91B-ACAD-47CA-B434-5D4BDD726D04}.Debug|Any CPU.ActiveCfg = Debug|Any CPU
		{60DCA91B-ACAD-47CA-B434-5D4BDD726D04}.Debug|Any CPU.Build.0 = Debug|Any CPU
		{60DCA91B-ACAD-47CA-B434-5D4BDD726D04}.Debug|Mixed Platforms.ActiveCfg = Debug|Any CPU
		{60DCA91B-ACAD-47CA-B434-5D4BDD726D04}.Debug|Mixed Platforms.Build.0 = Debug|Any CPU
		{60DCA91B-ACAD-47CA-B434-5D4BDD726D04}.Debug|Mono.ActiveCfg = Debug|Any CPU
		{60DCA91B-ACAD-47CA-B434-5D4BDD726D04}.Debug|Mono.Build.0 = Debug|Any CPU
		{60DCA91B-ACAD-47CA-B434-5D4BDD726D04}.Debug|Win32.ActiveCfg = Debug|Any CPU
		{60DCA91B-ACAD-47CA-B434-5D4BDD726D04}.Release|Any CPU.ActiveCfg = Release|Any CPU
		{60DCA91B-ACAD-47CA-B434-5D4BDD726D04}.Release|Any CPU.Build.0 = Release|Any CPU
		{60DCA91B-ACAD-47CA-B434-5D4BDD726D04}.Release|Mixed Platforms.ActiveCfg = Release|Any CPU
		{60DCA91B-ACAD-47CA-B434-5D4BDD726D04}.Release|Mixed Platforms.Build.0 = Release|Any CPU
		{60DCA91B-ACAD-47CA-B434-5D4BDD726D04}.Release|Mono.ActiveCfg = Release|Any CPU
		{60DCA91B-ACAD-47CA-B434-5D4BDD726D04}.Release|Mono.Build.0 = Release|Any CPU
		{60DCA91B-ACAD-47CA-B434-5D4BDD726D04}.Release|Win32.ActiveCfg = Release|Any CPU
		{175835C6-4D13-477B-A38A-4DA6F21F66F2}.Debug|Any CPU.ActiveCfg = Debug|Any CPU
		{175835C6-4D13-477B-A38A-4DA6F21F66F2}.Debug|Any CPU.Build.0 = Debug|Any CPU
		{175835C6-4D13-477B-A38A-4DA6F21F66F2}.Debug|Mixed Platforms.ActiveCfg = Debug|Any CPU
		{175835C6-4D13-477B-A38A-4DA6F21F66F2}.Debug|Mixed Platforms.Build.0 = Debug|Any CPU
		{175835C6-4D13-477B-A38A-4DA6F21F66F2}.Debug|Mono.ActiveCfg = Debug|Any CPU
		{175835C6-4D13-477B-A38A-4DA6F21F66F2}.Debug|Mono.Build.0 = Debug|Any CPU
		{175835C6-4D13-477B-A38A-4DA6F21F66F2}.Debug|Win32.ActiveCfg = Debug|Any CPU
		{175835C6-4D13-477B-A38A-4DA6F21F66F2}.Release|Any CPU.ActiveCfg = Release|Any CPU
		{175835C6-4D13-477B-A38A-4DA6F21F66F2}.Release|Any CPU.Build.0 = Release|Any CPU
		{175835C6-4D13-477B-A38A-4DA6F21F66F2}.Release|Mixed Platforms.ActiveCfg = Release|Any CPU
		{175835C6-4D13-477B-A38A-4DA6F21F66F2}.Release|Mixed Platforms.Build.0 = Release|Any CPU
		{175835C6-4D13-477B-A38A-4DA6F21F66F2}.Release|Mono.ActiveCfg = Release|Any CPU
		{175835C6-4D13-477B-A38A-4DA6F21F66F2}.Release|Mono.Build.0 = Release|Any CPU
		{175835C6-4D13-477B-A38A-4DA6F21F66F2}.Release|Win32.ActiveCfg = Release|Any CPU
		{210D8F18-1D6F-45FA-8367-2F12BCE9FC9D}.Debug|Any CPU.ActiveCfg = Debug|Any CPU
		{210D8F18-1D6F-45FA-8367-2F12BCE9FC9D}.Debug|Any CPU.Build.0 = Debug|Any CPU
		{210D8F18-1D6F-45FA-8367-2F12BCE9FC9D}.Debug|Mixed Platforms.ActiveCfg = Debug|Any CPU
		{210D8F18-1D6F-45FA-8367-2F12BCE9FC9D}.Debug|Mixed Platforms.Build.0 = Debug|Any CPU
		{210D8F18-1D6F-45FA-8367-2F12BCE9FC9D}.Debug|Mono.ActiveCfg = Debug|Any CPU
		{210D8F18-1D6F-45FA-8367-2F12BCE9FC9D}.Debug|Mono.Build.0 = Debug|Any CPU
		{210D8F18-1D6F-45FA-8367-2F12BCE9FC9D}.Debug|Win32.ActiveCfg = Debug|Any CPU
		{210D8F18-1D6F-45FA-8367-2F12BCE9FC9D}.Release|Any CPU.ActiveCfg = Release|Any CPU
		{210D8F18-1D6F-45FA-8367-2F12BCE9FC9D}.Release|Any CPU.Build.0 = Release|Any CPU
		{210D8F18-1D6F-45FA-8367-2F12BCE9FC9D}.Release|Mixed Platforms.ActiveCfg = Release|Any CPU
		{210D8F18-1D6F-45FA-8367-2F12BCE9FC9D}.Release|Mixed Platforms.Build.0 = Release|Any CPU
		{210D8F18-1D6F-45FA-8367-2F12BCE9FC9D}.Release|Mono.ActiveCfg = Release|Any CPU
		{210D8F18-1D6F-45FA-8367-2F12BCE9FC9D}.Release|Mono.Build.0 = Release|Any CPU
		{210D8F18-1D6F-45FA-8367-2F12BCE9FC9D}.Release|Win32.ActiveCfg = Release|Any CPU
		{5AB23330-F2D9-496C-9BF7-D887212C4188}.Debug|Any CPU.ActiveCfg = Debug|Any CPU
		{5AB23330-F2D9-496C-9BF7-D887212C4188}.Debug|Any CPU.Build.0 = Debug|Any CPU
		{5AB23330-F2D9-496C-9BF7-D887212C4188}.Debug|Mixed Platforms.ActiveCfg = Debug|Any CPU
		{5AB23330-F2D9-496C-9BF7-D887212C4188}.Debug|Mixed Platforms.Build.0 = Debug|Any CPU
		{5AB23330-F2D9-496C-9BF7-D887212C4188}.Debug|Mono.ActiveCfg = Debug|Any CPU
		{5AB23330-F2D9-496C-9BF7-D887212C4188}.Debug|Mono.Build.0 = Debug|Any CPU
		{5AB23330-F2D9-496C-9BF7-D887212C4188}.Debug|Win32.ActiveCfg = Debug|Any CPU
		{5AB23330-F2D9-496C-9BF7-D887212C4188}.Release|Any CPU.ActiveCfg = Release|Any CPU
		{5AB23330-F2D9-496C-9BF7-D887212C4188}.Release|Any CPU.Build.0 = Release|Any CPU
		{5AB23330-F2D9-496C-9BF7-D887212C4188}.Release|Mixed Platforms.ActiveCfg = Release|Any CPU
		{5AB23330-F2D9-496C-9BF7-D887212C4188}.Release|Mixed Platforms.Build.0 = Release|Any CPU
		{5AB23330-F2D9-496C-9BF7-D887212C4188}.Release|Mono.ActiveCfg = Release|Any CPU
		{5AB23330-F2D9-496C-9BF7-D887212C4188}.Release|Mono.Build.0 = Release|Any CPU
		{5AB23330-F2D9-496C-9BF7-D887212C4188}.Release|Win32.ActiveCfg = Release|Any CPU
		{C5264545-2F62-41E5-95B0-D4543869B0A6}.Debug|Any CPU.ActiveCfg = Debug|Any CPU
		{C5264545-2F62-41E5-95B0-D4543869B0A6}.Debug|Any CPU.Build.0 = Debug|Any CPU
		{C5264545-2F62-41E5-95B0-D4543869B0A6}.Debug|Mixed Platforms.ActiveCfg = Debug|Any CPU
		{C5264545-2F62-41E5-95B0-D4543869B0A6}.Debug|Mixed Platforms.Build.0 = Debug|Any CPU
		{C5264545-2F62-41E5-95B0-D4543869B0A6}.Debug|Mono.ActiveCfg = Debug|Any CPU
		{C5264545-2F62-41E5-95B0-D4543869B0A6}.Debug|Mono.Build.0 = Debug|Any CPU
		{C5264545-2F62-41E5-95B0-D4543869B0A6}.Debug|Win32.ActiveCfg = Debug|Any CPU
		{C5264545-2F62-41E5-95B0-D4543869B0A6}.Release|Any CPU.ActiveCfg = Release|Any CPU
		{C5264545-2F62-41E5-95B0-D4543869B0A6}.Release|Any CPU.Build.0 = Release|Any CPU
		{C5264545-2F62-41E5-95B0-D4543869B0A6}.Release|Mixed Platforms.ActiveCfg = Release|Any CPU
		{C5264545-2F62-41E5-95B0-D4543869B0A6}.Release|Mixed Platforms.Build.0 = Release|Any CPU
		{C5264545-2F62-41E5-95B0-D4543869B0A6}.Release|Mono.ActiveCfg = Release|Any CPU
		{C5264545-2F62-41E5-95B0-D4543869B0A6}.Release|Mono.Build.0 = Release|Any CPU
		{C5264545-2F62-41E5-95B0-D4543869B0A6}.Release|Win32.ActiveCfg = Release|Any CPU
		{DC7A40AC-268E-4A4C-A198-17B34F77FC1A}.Debug|Any CPU.ActiveCfg = Debug|Any CPU
		{DC7A40AC-268E-4A4C-A198-17B34F77FC1A}.Debug|Any CPU.Build.0 = Debug|Any CPU
		{DC7A40AC-268E-4A4C-A198-17B34F77FC1A}.Debug|Mixed Platforms.ActiveCfg = Debug|Any CPU
		{DC7A40AC-268E-4A4C-A198-17B34F77FC1A}.Debug|Mixed Platforms.Build.0 = Debug|Any CPU
		{DC7A40AC-268E-4A4C-A198-17B34F77FC1A}.Debug|Mono.ActiveCfg = Debug|Any CPU
		{DC7A40AC-268E-4A4C-A198-17B34F77FC1A}.Debug|Mono.Build.0 = Debug|Any CPU
		{DC7A40AC-268E-4A4C-A198-17B34F77FC1A}.Debug|Win32.ActiveCfg = Debug|Any CPU
		{DC7A40AC-268E-4A4C-A198-17B34F77FC1A}.Release|Any CPU.ActiveCfg = Release|Any CPU
		{DC7A40AC-268E-4A4C-A198-17B34F77FC1A}.Release|Any CPU.Build.0 = Release|Any CPU
		{DC7A40AC-268E-4A4C-A198-17B34F77FC1A}.Release|Mixed Platforms.ActiveCfg = Release|Any CPU
		{DC7A40AC-268E-4A4C-A198-17B34F77FC1A}.Release|Mixed Platforms.Build.0 = Release|Any CPU
		{DC7A40AC-268E-4A4C-A198-17B34F77FC1A}.Release|Mono.ActiveCfg = Release|Any CPU
		{DC7A40AC-268E-4A4C-A198-17B34F77FC1A}.Release|Mono.Build.0 = Release|Any CPU
		{DC7A40AC-268E-4A4C-A198-17B34F77FC1A}.Release|Win32.ActiveCfg = Release|Any CPU
		{0D6849B3-5C15-43EB-8B08-75AAD9175148}.Debug|Any CPU.ActiveCfg = Debug|Any CPU
		{0D6849B3-5C15-43EB-8B08-75AAD9175148}.Debug|Any CPU.Build.0 = Debug|Any CPU
		{0D6849B3-5C15-43EB-8B08-75AAD9175148}.Debug|Mixed Platforms.ActiveCfg = Debug|Any CPU
		{0D6849B3-5C15-43EB-8B08-75AAD9175148}.Debug|Mixed Platforms.Build.0 = Debug|Any CPU
		{0D6849B3-5C15-43EB-8B08-75AAD9175148}.Debug|Mono.ActiveCfg = Debug|Any CPU
		{0D6849B3-5C15-43EB-8B08-75AAD9175148}.Debug|Mono.Build.0 = Debug|Any CPU
		{0D6849B3-5C15-43EB-8B08-75AAD9175148}.Debug|Win32.ActiveCfg = Debug|Any CPU
		{0D6849B3-5C15-43EB-8B08-75AAD9175148}.Release|Any CPU.ActiveCfg = Release|Any CPU
		{0D6849B3-5C15-43EB-8B08-75AAD9175148}.Release|Any CPU.Build.0 = Release|Any CPU
		{0D6849B3-5C15-43EB-8B08-75AAD9175148}.Release|Mixed Platforms.ActiveCfg = Release|Any CPU
		{0D6849B3-5C15-43EB-8B08-75AAD9175148}.Release|Mixed Platforms.Build.0 = Release|Any CPU
		{0D6849B3-5C15-43EB-8B08-75AAD9175148}.Release|Mono.ActiveCfg = Release|Any CPU
		{0D6849B3-5C15-43EB-8B08-75AAD9175148}.Release|Mono.Build.0 = Release|Any CPU
		{0D6849B3-5C15-43EB-8B08-75AAD9175148}.Release|Win32.ActiveCfg = Release|Any CPU
		{AC34E286-77D8-4127-9DB8-71996420CF76}.Debug|Any CPU.ActiveCfg = Debug|Any CPU
		{AC34E286-77D8-4127-9DB8-71996420CF76}.Debug|Any CPU.Build.0 = Debug|Any CPU
		{AC34E286-77D8-4127-9DB8-71996420CF76}.Debug|Mixed Platforms.ActiveCfg = Debug|Any CPU
		{AC34E286-77D8-4127-9DB8-71996420CF76}.Debug|Mixed Platforms.Build.0 = Debug|Any CPU
		{AC34E286-77D8-4127-9DB8-71996420CF76}.Debug|Mono.ActiveCfg = Debug|Any CPU
		{AC34E286-77D8-4127-9DB8-71996420CF76}.Debug|Mono.Build.0 = Debug|Any CPU
		{AC34E286-77D8-4127-9DB8-71996420CF76}.Debug|Win32.ActiveCfg = Debug|Any CPU
		{AC34E286-77D8-4127-9DB8-71996420CF76}.Release|Any CPU.ActiveCfg = Release|Any CPU
		{AC34E286-77D8-4127-9DB8-71996420CF76}.Release|Any CPU.Build.0 = Release|Any CPU
		{AC34E286-77D8-4127-9DB8-71996420CF76}.Release|Mixed Platforms.ActiveCfg = Release|Any CPU
		{AC34E286-77D8-4127-9DB8-71996420CF76}.Release|Mixed Platforms.Build.0 = Release|Any CPU
		{AC34E286-77D8-4127-9DB8-71996420CF76}.Release|Mono.ActiveCfg = Release|Any CPU
		{AC34E286-77D8-4127-9DB8-71996420CF76}.Release|Mono.Build.0 = Release|Any CPU
		{AC34E286-77D8-4127-9DB8-71996420CF76}.Release|Win32.ActiveCfg = Release|Any CPU
		{8D5F090C-BBB2-45FB-8F42-D23074AFF395}.Debug|Any CPU.ActiveCfg = Debug|Any CPU
		{8D5F090C-BBB2-45FB-8F42-D23074AFF395}.Debug|Any CPU.Build.0 = Debug|Any CPU
		{8D5F090C-BBB2-45FB-8F42-D23074AFF395}.Debug|Mixed Platforms.ActiveCfg = Debug|Any CPU
		{8D5F090C-BBB2-45FB-8F42-D23074AFF395}.Debug|Mixed Platforms.Build.0 = Debug|Any CPU
		{8D5F090C-BBB2-45FB-8F42-D23074AFF395}.Debug|Mono.ActiveCfg = Debug|Any CPU
		{8D5F090C-BBB2-45FB-8F42-D23074AFF395}.Debug|Mono.Build.0 = Debug|Any CPU
		{8D5F090C-BBB2-45FB-8F42-D23074AFF395}.Debug|Win32.ActiveCfg = Debug|Any CPU
		{8D5F090C-BBB2-45FB-8F42-D23074AFF395}.Release|Any CPU.ActiveCfg = Release|Any CPU
		{8D5F090C-BBB2-45FB-8F42-D23074AFF395}.Release|Any CPU.Build.0 = Release|Any CPU
		{8D5F090C-BBB2-45FB-8F42-D23074AFF395}.Release|Mixed Platforms.ActiveCfg = Release|Any CPU
		{8D5F090C-BBB2-45FB-8F42-D23074AFF395}.Release|Mixed Platforms.Build.0 = Release|Any CPU
		{8D5F090C-BBB2-45FB-8F42-D23074AFF395}.Release|Mono.ActiveCfg = Release|Any CPU
		{8D5F090C-BBB2-45FB-8F42-D23074AFF395}.Release|Mono.Build.0 = Release|Any CPU
		{8D5F090C-BBB2-45FB-8F42-D23074AFF395}.Release|Win32.ActiveCfg = Release|Any CPU
		{65382ECE-3E80-47E3-9864-0C6995907C2B}.Debug|Any CPU.ActiveCfg = Debug|Any CPU
		{65382ECE-3E80-47E3-9864-0C6995907C2B}.Debug|Any CPU.Build.0 = Debug|Any CPU
		{65382ECE-3E80-47E3-9864-0C6995907C2B}.Debug|Mixed Platforms.ActiveCfg = Debug|Any CPU
		{65382ECE-3E80-47E3-9864-0C6995907C2B}.Debug|Mixed Platforms.Build.0 = Debug|Any CPU
		{65382ECE-3E80-47E3-9864-0C6995907C2B}.Debug|Mono.ActiveCfg = Debug|Any CPU
		{65382ECE-3E80-47E3-9864-0C6995907C2B}.Debug|Mono.Build.0 = Debug|Any CPU
		{65382ECE-3E80-47E3-9864-0C6995907C2B}.Debug|Win32.ActiveCfg = Debug|Any CPU
		{65382ECE-3E80-47E3-9864-0C6995907C2B}.Release|Any CPU.ActiveCfg = Release|Any CPU
		{65382ECE-3E80-47E3-9864-0C6995907C2B}.Release|Any CPU.Build.0 = Release|Any CPU
		{65382ECE-3E80-47E3-9864-0C6995907C2B}.Release|Mixed Platforms.ActiveCfg = Release|Any CPU
		{65382ECE-3E80-47E3-9864-0C6995907C2B}.Release|Mixed Platforms.Build.0 = Release|Any CPU
		{65382ECE-3E80-47E3-9864-0C6995907C2B}.Release|Mono.ActiveCfg = Release|Any CPU
		{65382ECE-3E80-47E3-9864-0C6995907C2B}.Release|Mono.Build.0 = Release|Any CPU
		{65382ECE-3E80-47E3-9864-0C6995907C2B}.Release|Win32.ActiveCfg = Release|Any CPU
		{2C2D15BC-9119-43A0-ADCC-E0938A647071}.Debug|Any CPU.ActiveCfg = Debug|Any CPU
		{2C2D15BC-9119-43A0-ADCC-E0938A647071}.Debug|Any CPU.Build.0 = Debug|Any CPU
		{2C2D15BC-9119-43A0-ADCC-E0938A647071}.Debug|Mixed Platforms.ActiveCfg = Debug|Any CPU
		{2C2D15BC-9119-43A0-ADCC-E0938A647071}.Debug|Mixed Platforms.Build.0 = Debug|Any CPU
		{2C2D15BC-9119-43A0-ADCC-E0938A647071}.Debug|Mono.ActiveCfg = Debug|Any CPU
		{2C2D15BC-9119-43A0-ADCC-E0938A647071}.Debug|Mono.Build.0 = Debug|Any CPU
		{2C2D15BC-9119-43A0-ADCC-E0938A647071}.Debug|Win32.ActiveCfg = Debug|Any CPU
		{2C2D15BC-9119-43A0-ADCC-E0938A647071}.Release|Any CPU.ActiveCfg = Release|Any CPU
		{2C2D15BC-9119-43A0-ADCC-E0938A647071}.Release|Any CPU.Build.0 = Release|Any CPU
		{2C2D15BC-9119-43A0-ADCC-E0938A647071}.Release|Mixed Platforms.ActiveCfg = Release|Any CPU
		{2C2D15BC-9119-43A0-ADCC-E0938A647071}.Release|Mixed Platforms.Build.0 = Release|Any CPU
		{2C2D15BC-9119-43A0-ADCC-E0938A647071}.Release|Mono.ActiveCfg = Release|Any CPU
		{2C2D15BC-9119-43A0-ADCC-E0938A647071}.Release|Mono.Build.0 = Release|Any CPU
		{2C2D15BC-9119-43A0-ADCC-E0938A647071}.Release|Win32.ActiveCfg = Release|Any CPU
		{97F7E068-776B-4C2E-A1E8-AA5DF5ECA318}.Debug|Any CPU.ActiveCfg = Debug|Any CPU
		{97F7E068-776B-4C2E-A1E8-AA5DF5ECA318}.Debug|Any CPU.Build.0 = Debug|Any CPU
		{97F7E068-776B-4C2E-A1E8-AA5DF5ECA318}.Debug|Mixed Platforms.ActiveCfg = Debug|Any CPU
		{97F7E068-776B-4C2E-A1E8-AA5DF5ECA318}.Debug|Mixed Platforms.Build.0 = Debug|Any CPU
		{97F7E068-776B-4C2E-A1E8-AA5DF5ECA318}.Debug|Mono.ActiveCfg = Debug|Any CPU
		{97F7E068-776B-4C2E-A1E8-AA5DF5ECA318}.Debug|Mono.Build.0 = Debug|Any CPU
		{97F7E068-776B-4C2E-A1E8-AA5DF5ECA318}.Debug|Win32.ActiveCfg = Debug|Any CPU
		{97F7E068-776B-4C2E-A1E8-AA5DF5ECA318}.Release|Any CPU.ActiveCfg = Release|Any CPU
		{97F7E068-776B-4C2E-A1E8-AA5DF5ECA318}.Release|Any CPU.Build.0 = Release|Any CPU
		{97F7E068-776B-4C2E-A1E8-AA5DF5ECA318}.Release|Mixed Platforms.ActiveCfg = Release|Any CPU
		{97F7E068-776B-4C2E-A1E8-AA5DF5ECA318}.Release|Mixed Platforms.Build.0 = Release|Any CPU
		{97F7E068-776B-4C2E-A1E8-AA5DF5ECA318}.Release|Mono.ActiveCfg = Release|Any CPU
		{97F7E068-776B-4C2E-A1E8-AA5DF5ECA318}.Release|Mono.Build.0 = Release|Any CPU
		{97F7E068-776B-4C2E-A1E8-AA5DF5ECA318}.Release|Win32.ActiveCfg = Release|Any CPU
		{2ECECFBF-5F3E-40EE-A963-72336DC7ABE2}.Debug|Any CPU.ActiveCfg = Debug|Any CPU
		{2ECECFBF-5F3E-40EE-A963-72336DC7ABE2}.Debug|Any CPU.Build.0 = Debug|Any CPU
		{2ECECFBF-5F3E-40EE-A963-72336DC7ABE2}.Debug|Mixed Platforms.ActiveCfg = Debug|Any CPU
		{2ECECFBF-5F3E-40EE-A963-72336DC7ABE2}.Debug|Mixed Platforms.Build.0 = Debug|Any CPU
		{2ECECFBF-5F3E-40EE-A963-72336DC7ABE2}.Debug|Mono.ActiveCfg = Debug|Any CPU
		{2ECECFBF-5F3E-40EE-A963-72336DC7ABE2}.Debug|Win32.ActiveCfg = Debug|Any CPU
		{2ECECFBF-5F3E-40EE-A963-72336DC7ABE2}.Release|Any CPU.ActiveCfg = Release|Any CPU
		{2ECECFBF-5F3E-40EE-A963-72336DC7ABE2}.Release|Any CPU.Build.0 = Release|Any CPU
		{2ECECFBF-5F3E-40EE-A963-72336DC7ABE2}.Release|Mixed Platforms.ActiveCfg = Release|Any CPU
		{2ECECFBF-5F3E-40EE-A963-72336DC7ABE2}.Release|Mixed Platforms.Build.0 = Release|Any CPU
		{2ECECFBF-5F3E-40EE-A963-72336DC7ABE2}.Release|Mono.ActiveCfg = Release|Any CPU
		{2ECECFBF-5F3E-40EE-A963-72336DC7ABE2}.Release|Win32.ActiveCfg = Release|Any CPU
		{80726AA3-0790-412D-B5D1-8D1373AD668A}.Debug|Any CPU.ActiveCfg = Debug|Any CPU
		{80726AA3-0790-412D-B5D1-8D1373AD668A}.Debug|Any CPU.Build.0 = Debug|Any CPU
		{80726AA3-0790-412D-B5D1-8D1373AD668A}.Debug|Mixed Platforms.ActiveCfg = Debug|Any CPU
		{80726AA3-0790-412D-B5D1-8D1373AD668A}.Debug|Mixed Platforms.Build.0 = Debug|Any CPU
		{80726AA3-0790-412D-B5D1-8D1373AD668A}.Debug|Mono.ActiveCfg = Debug|Any CPU
		{80726AA3-0790-412D-B5D1-8D1373AD668A}.Debug|Win32.ActiveCfg = Debug|Any CPU
		{80726AA3-0790-412D-B5D1-8D1373AD668A}.Release|Any CPU.ActiveCfg = Release|Any CPU
		{80726AA3-0790-412D-B5D1-8D1373AD668A}.Release|Any CPU.Build.0 = Release|Any CPU
		{80726AA3-0790-412D-B5D1-8D1373AD668A}.Release|Mixed Platforms.ActiveCfg = Release|Any CPU
		{80726AA3-0790-412D-B5D1-8D1373AD668A}.Release|Mixed Platforms.Build.0 = Release|Any CPU
		{80726AA3-0790-412D-B5D1-8D1373AD668A}.Release|Mono.ActiveCfg = Release|Any CPU
		{80726AA3-0790-412D-B5D1-8D1373AD668A}.Release|Win32.ActiveCfg = Release|Any CPU
		{35746C2E-DEFB-480B-96BF-FB504F51A2E5}.Debug|Any CPU.ActiveCfg = Debug|Any CPU
		{35746C2E-DEFB-480B-96BF-FB504F51A2E5}.Debug|Any CPU.Build.0 = Debug|Any CPU
		{35746C2E-DEFB-480B-96BF-FB504F51A2E5}.Debug|Mixed Platforms.ActiveCfg = Debug|Any CPU
		{35746C2E-DEFB-480B-96BF-FB504F51A2E5}.Debug|Mixed Platforms.Build.0 = Debug|Any CPU
		{35746C2E-DEFB-480B-96BF-FB504F51A2E5}.Debug|Mono.ActiveCfg = Debug|Any CPU
		{35746C2E-DEFB-480B-96BF-FB504F51A2E5}.Debug|Win32.ActiveCfg = Debug|Any CPU
		{35746C2E-DEFB-480B-96BF-FB504F51A2E5}.Release|Any CPU.ActiveCfg = Release|Any CPU
		{35746C2E-DEFB-480B-96BF-FB504F51A2E5}.Release|Any CPU.Build.0 = Release|Any CPU
		{35746C2E-DEFB-480B-96BF-FB504F51A2E5}.Release|Mixed Platforms.ActiveCfg = Release|Any CPU
		{35746C2E-DEFB-480B-96BF-FB504F51A2E5}.Release|Mixed Platforms.Build.0 = Release|Any CPU
		{35746C2E-DEFB-480B-96BF-FB504F51A2E5}.Release|Mono.ActiveCfg = Release|Any CPU
		{35746C2E-DEFB-480B-96BF-FB504F51A2E5}.Release|Win32.ActiveCfg = Release|Any CPU
		{FDA6740A-4370-4B57-990C-285C3C77E97D}.Debug|Any CPU.ActiveCfg = Debug|Any CPU
		{FDA6740A-4370-4B57-990C-285C3C77E97D}.Debug|Any CPU.Build.0 = Debug|Any CPU
		{FDA6740A-4370-4B57-990C-285C3C77E97D}.Debug|Mixed Platforms.ActiveCfg = Debug|Any CPU
		{FDA6740A-4370-4B57-990C-285C3C77E97D}.Debug|Mixed Platforms.Build.0 = Debug|Any CPU
		{FDA6740A-4370-4B57-990C-285C3C77E97D}.Debug|Mono.ActiveCfg = Debug|Any CPU
		{FDA6740A-4370-4B57-990C-285C3C77E97D}.Debug|Win32.ActiveCfg = Debug|Any CPU
		{FDA6740A-4370-4B57-990C-285C3C77E97D}.Release|Any CPU.ActiveCfg = Release|Any CPU
		{FDA6740A-4370-4B57-990C-285C3C77E97D}.Release|Any CPU.Build.0 = Release|Any CPU
		{FDA6740A-4370-4B57-990C-285C3C77E97D}.Release|Mixed Platforms.ActiveCfg = Release|Any CPU
		{FDA6740A-4370-4B57-990C-285C3C77E97D}.Release|Mixed Platforms.Build.0 = Release|Any CPU
		{FDA6740A-4370-4B57-990C-285C3C77E97D}.Release|Mono.ActiveCfg = Release|Any CPU
		{FDA6740A-4370-4B57-990C-285C3C77E97D}.Release|Win32.ActiveCfg = Release|Any CPU
		{2A6488B8-1FC0-45AB-86BF-B5B8EB238253}.Debug|Any CPU.ActiveCfg = Debug|Any CPU
		{2A6488B8-1FC0-45AB-86BF-B5B8EB238253}.Debug|Any CPU.Build.0 = Debug|Any CPU
		{2A6488B8-1FC0-45AB-86BF-B5B8EB238253}.Debug|Mixed Platforms.ActiveCfg = Debug|Any CPU
		{2A6488B8-1FC0-45AB-86BF-B5B8EB238253}.Debug|Mixed Platforms.Build.0 = Debug|Any CPU
		{2A6488B8-1FC0-45AB-86BF-B5B8EB238253}.Debug|Mono.ActiveCfg = Debug|Any CPU
		{2A6488B8-1FC0-45AB-86BF-B5B8EB238253}.Debug|Win32.ActiveCfg = Debug|Any CPU
		{2A6488B8-1FC0-45AB-86BF-B5B8EB238253}.Release|Any CPU.ActiveCfg = Release|Any CPU
		{2A6488B8-1FC0-45AB-86BF-B5B8EB238253}.Release|Any CPU.Build.0 = Release|Any CPU
		{2A6488B8-1FC0-45AB-86BF-B5B8EB238253}.Release|Mixed Platforms.ActiveCfg = Release|Any CPU
		{2A6488B8-1FC0-45AB-86BF-B5B8EB238253}.Release|Mixed Platforms.Build.0 = Release|Any CPU
		{2A6488B8-1FC0-45AB-86BF-B5B8EB238253}.Release|Mono.ActiveCfg = Release|Any CPU
		{2A6488B8-1FC0-45AB-86BF-B5B8EB238253}.Release|Win32.ActiveCfg = Release|Any CPU
		{940083D4-DD57-43C1-9506-A7A811216D36}.Debug|Any CPU.ActiveCfg = Debug|Any CPU
		{940083D4-DD57-43C1-9506-A7A811216D36}.Debug|Any CPU.Build.0 = Debug|Any CPU
		{940083D4-DD57-43C1-9506-A7A811216D36}.Debug|Mixed Platforms.ActiveCfg = Debug|Any CPU
		{940083D4-DD57-43C1-9506-A7A811216D36}.Debug|Mixed Platforms.Build.0 = Debug|Any CPU
		{940083D4-DD57-43C1-9506-A7A811216D36}.Debug|Mono.ActiveCfg = Debug|Any CPU
		{940083D4-DD57-43C1-9506-A7A811216D36}.Debug|Win32.ActiveCfg = Debug|Any CPU
		{940083D4-DD57-43C1-9506-A7A811216D36}.Release|Any CPU.ActiveCfg = Release|Any CPU
		{940083D4-DD57-43C1-9506-A7A811216D36}.Release|Any CPU.Build.0 = Release|Any CPU
		{940083D4-DD57-43C1-9506-A7A811216D36}.Release|Mixed Platforms.ActiveCfg = Release|Any CPU
		{940083D4-DD57-43C1-9506-A7A811216D36}.Release|Mixed Platforms.Build.0 = Release|Any CPU
		{940083D4-DD57-43C1-9506-A7A811216D36}.Release|Mono.ActiveCfg = Release|Any CPU
		{940083D4-DD57-43C1-9506-A7A811216D36}.Release|Win32.ActiveCfg = Release|Any CPU
		{7E80EA20-61E4-485C-AFBA-AE18E47626CE}.Debug|Any CPU.ActiveCfg = Debug|Any CPU
		{7E80EA20-61E4-485C-AFBA-AE18E47626CE}.Debug|Any CPU.Build.0 = Debug|Any CPU
		{7E80EA20-61E4-485C-AFBA-AE18E47626CE}.Debug|Mixed Platforms.ActiveCfg = Debug|Any CPU
		{7E80EA20-61E4-485C-AFBA-AE18E47626CE}.Debug|Mixed Platforms.Build.0 = Debug|Any CPU
		{7E80EA20-61E4-485C-AFBA-AE18E47626CE}.Debug|Mono.ActiveCfg = Debug|Any CPU
		{7E80EA20-61E4-485C-AFBA-AE18E47626CE}.Debug|Win32.ActiveCfg = Debug|Any CPU
		{7E80EA20-61E4-485C-AFBA-AE18E47626CE}.Release|Any CPU.ActiveCfg = Release|Any CPU
		{7E80EA20-61E4-485C-AFBA-AE18E47626CE}.Release|Any CPU.Build.0 = Release|Any CPU
		{7E80EA20-61E4-485C-AFBA-AE18E47626CE}.Release|Mixed Platforms.ActiveCfg = Release|Any CPU
		{7E80EA20-61E4-485C-AFBA-AE18E47626CE}.Release|Mixed Platforms.Build.0 = Release|Any CPU
		{7E80EA20-61E4-485C-AFBA-AE18E47626CE}.Release|Mono.ActiveCfg = Release|Any CPU
		{7E80EA20-61E4-485C-AFBA-AE18E47626CE}.Release|Win32.ActiveCfg = Release|Any CPU
		{6F065612-1723-41B6-9221-949B50039FD1}.Debug|Any CPU.ActiveCfg = Debug|Any CPU
		{6F065612-1723-41B6-9221-949B50039FD1}.Debug|Any CPU.Build.0 = Debug|Any CPU
		{6F065612-1723-41B6-9221-949B50039FD1}.Debug|Mixed Platforms.ActiveCfg = Debug|Any CPU
		{6F065612-1723-41B6-9221-949B50039FD1}.Debug|Mixed Platforms.Build.0 = Debug|Any CPU
		{6F065612-1723-41B6-9221-949B50039FD1}.Debug|Mono.ActiveCfg = Debug|Any CPU
		{6F065612-1723-41B6-9221-949B50039FD1}.Debug|Win32.ActiveCfg = Debug|Any CPU
		{6F065612-1723-41B6-9221-949B50039FD1}.Release|Any CPU.ActiveCfg = Release|Any CPU
		{6F065612-1723-41B6-9221-949B50039FD1}.Release|Any CPU.Build.0 = Release|Any CPU
		{6F065612-1723-41B6-9221-949B50039FD1}.Release|Mixed Platforms.ActiveCfg = Release|Any CPU
		{6F065612-1723-41B6-9221-949B50039FD1}.Release|Mixed Platforms.Build.0 = Release|Any CPU
		{6F065612-1723-41B6-9221-949B50039FD1}.Release|Mono.ActiveCfg = Release|Any CPU
		{6F065612-1723-41B6-9221-949B50039FD1}.Release|Win32.ActiveCfg = Release|Any CPU
		{13D4AA2B-FD3C-4257-826E-ACDEAE21EB64}.Debug|Any CPU.ActiveCfg = Debug|Any CPU
		{13D4AA2B-FD3C-4257-826E-ACDEAE21EB64}.Debug|Any CPU.Build.0 = Debug|Any CPU
		{13D4AA2B-FD3C-4257-826E-ACDEAE21EB64}.Debug|Mixed Platforms.ActiveCfg = Debug|Any CPU
		{13D4AA2B-FD3C-4257-826E-ACDEAE21EB64}.Debug|Mixed Platforms.Build.0 = Debug|Any CPU
		{13D4AA2B-FD3C-4257-826E-ACDEAE21EB64}.Debug|Mono.ActiveCfg = Debug|Any CPU
		{13D4AA2B-FD3C-4257-826E-ACDEAE21EB64}.Debug|Win32.ActiveCfg = Debug|Any CPU
		{13D4AA2B-FD3C-4257-826E-ACDEAE21EB64}.Release|Any CPU.ActiveCfg = Release|Any CPU
		{13D4AA2B-FD3C-4257-826E-ACDEAE21EB64}.Release|Any CPU.Build.0 = Release|Any CPU
		{13D4AA2B-FD3C-4257-826E-ACDEAE21EB64}.Release|Mixed Platforms.ActiveCfg = Release|Any CPU
		{13D4AA2B-FD3C-4257-826E-ACDEAE21EB64}.Release|Mixed Platforms.Build.0 = Release|Any CPU
		{13D4AA2B-FD3C-4257-826E-ACDEAE21EB64}.Release|Mono.ActiveCfg = Release|Any CPU
		{13D4AA2B-FD3C-4257-826E-ACDEAE21EB64}.Release|Win32.ActiveCfg = Release|Any CPU
		{1C659B42-976D-47CC-A00E-5ECB72CFB889}.Debug|Any CPU.ActiveCfg = Debug|Any CPU
		{1C659B42-976D-47CC-A00E-5ECB72CFB889}.Debug|Any CPU.Build.0 = Debug|Any CPU
		{1C659B42-976D-47CC-A00E-5ECB72CFB889}.Debug|Mixed Platforms.ActiveCfg = Debug|Any CPU
		{1C659B42-976D-47CC-A00E-5ECB72CFB889}.Debug|Mixed Platforms.Build.0 = Debug|Any CPU
		{1C659B42-976D-47CC-A00E-5ECB72CFB889}.Debug|Mono.ActiveCfg = Debug|Any CPU
		{1C659B42-976D-47CC-A00E-5ECB72CFB889}.Debug|Win32.ActiveCfg = Debug|Any CPU
		{1C659B42-976D-47CC-A00E-5ECB72CFB889}.Release|Any CPU.ActiveCfg = Release|Any CPU
		{1C659B42-976D-47CC-A00E-5ECB72CFB889}.Release|Any CPU.Build.0 = Release|Any CPU
		{1C659B42-976D-47CC-A00E-5ECB72CFB889}.Release|Mixed Platforms.ActiveCfg = Release|Any CPU
		{1C659B42-976D-47CC-A00E-5ECB72CFB889}.Release|Mixed Platforms.Build.0 = Release|Any CPU
		{1C659B42-976D-47CC-A00E-5ECB72CFB889}.Release|Mono.ActiveCfg = Release|Any CPU
		{1C659B42-976D-47CC-A00E-5ECB72CFB889}.Release|Win32.ActiveCfg = Release|Any CPU
		{A96E44F4-A42A-44FB-AB5F-AB63CEFBF1D3}.Debug|Any CPU.ActiveCfg = Debug|Any CPU
		{A96E44F4-A42A-44FB-AB5F-AB63CEFBF1D3}.Debug|Any CPU.Build.0 = Debug|Any CPU
		{A96E44F4-A42A-44FB-AB5F-AB63CEFBF1D3}.Debug|Mixed Platforms.ActiveCfg = Debug|Any CPU
		{A96E44F4-A42A-44FB-AB5F-AB63CEFBF1D3}.Debug|Mixed Platforms.Build.0 = Debug|Any CPU
		{A96E44F4-A42A-44FB-AB5F-AB63CEFBF1D3}.Debug|Mono.ActiveCfg = Debug|Any CPU
		{A96E44F4-A42A-44FB-AB5F-AB63CEFBF1D3}.Debug|Win32.ActiveCfg = Debug|Any CPU
		{A96E44F4-A42A-44FB-AB5F-AB63CEFBF1D3}.Release|Any CPU.ActiveCfg = Release|Any CPU
		{A96E44F4-A42A-44FB-AB5F-AB63CEFBF1D3}.Release|Any CPU.Build.0 = Release|Any CPU
		{A96E44F4-A42A-44FB-AB5F-AB63CEFBF1D3}.Release|Mixed Platforms.ActiveCfg = Release|Any CPU
		{A96E44F4-A42A-44FB-AB5F-AB63CEFBF1D3}.Release|Mixed Platforms.Build.0 = Release|Any CPU
		{A96E44F4-A42A-44FB-AB5F-AB63CEFBF1D3}.Release|Mono.ActiveCfg = Release|Any CPU
		{A96E44F4-A42A-44FB-AB5F-AB63CEFBF1D3}.Release|Win32.ActiveCfg = Release|Any CPU
		{91EFF760-794A-4CD3-8F82-A7F374018B22}.Debug|Any CPU.ActiveCfg = Debug|Any CPU
		{91EFF760-794A-4CD3-8F82-A7F374018B22}.Debug|Any CPU.Build.0 = Debug|Any CPU
		{91EFF760-794A-4CD3-8F82-A7F374018B22}.Debug|Mixed Platforms.ActiveCfg = Debug|Any CPU
		{91EFF760-794A-4CD3-8F82-A7F374018B22}.Debug|Mixed Platforms.Build.0 = Debug|Any CPU
		{91EFF760-794A-4CD3-8F82-A7F374018B22}.Debug|Mono.ActiveCfg = Debug|Any CPU
		{91EFF760-794A-4CD3-8F82-A7F374018B22}.Debug|Win32.ActiveCfg = Debug|Any CPU
		{91EFF760-794A-4CD3-8F82-A7F374018B22}.Release|Any CPU.ActiveCfg = Release|Any CPU
		{91EFF760-794A-4CD3-8F82-A7F374018B22}.Release|Any CPU.Build.0 = Release|Any CPU
		{91EFF760-794A-4CD3-8F82-A7F374018B22}.Release|Mixed Platforms.ActiveCfg = Release|Any CPU
		{91EFF760-794A-4CD3-8F82-A7F374018B22}.Release|Mixed Platforms.Build.0 = Release|Any CPU
		{91EFF760-794A-4CD3-8F82-A7F374018B22}.Release|Mono.ActiveCfg = Release|Any CPU
		{91EFF760-794A-4CD3-8F82-A7F374018B22}.Release|Win32.ActiveCfg = Release|Any CPU
	EndGlobalSection
	GlobalSection(SolutionProperties) = preSolution
		HideSolutionNode = FALSE
	EndGlobalSection
EndGlobal
